
Microsoft Visual Studio Solution File, Format Version 12.00
# Visual Studio Version 16
VisualStudioVersion = 16.0.34114.132
MinimumVisualStudioVersion = 10.0.40219.1
Project("{FAE04EC0-301F-11D3-BF4B-00C04F79EFBC}") = "WindowsFormsApp1", "WindowsFormsApp1\WindowsFormsApp1.csproj", "{20821036-2726-49D3-B601-671983F84713}"
EndProject
Global
	GlobalSection(SolutionConfigurationPlatforms) = preSolution
		Debug|Any CPU = Debug|Any CPU
		Release|Any CPU = Release|Any CPU
	EndGlobalSection
	GlobalSection(ProjectConfigurationPlatforms) = postSolution
		{20821036-2726-49D3-B601-671983F84713}.Debug|Any CPU.ActiveCfg = Debug|Any CPU
		{20821036-2726-49D3-B601-671983F84713}.Debug|Any CPU.Build.0 = Debug|Any CPU
		{20821036-2726-49D3-B601-671983F84713}.Release|Any CPU.ActiveCfg = Release|Any CPU
		{20821036-2726-49D3-B601-671983F84713}.Release|Any CPU.Build.0 = Release|Any CPU
	EndGlobalSection
	GlobalSection(SolutionProperties) = preSolution
		HideSolutionNode = FALSE
	EndGlobalSection
	GlobalSection(ExtensibilityGlobals) = postSolution
		SolutionGuid = {93E2C046-A569-4854-80E0-297CA3182281}
	EndGlobalSection
EndGlobal
